
Microsoft Visual Studio Solution File, Format Version 12.00
# Visual Studio Version 16
VisualStudioVersion = 16.0.28803.202
MinimumVisualStudioVersion = 10.0.40219.1
Project("{FAE04EC0-301F-11D3-BF4B-00C04F79EFBC}") = "Marcos_Ponce", "Marcos_Ponce\Marcos_Ponce.csproj", "{DCEC973F-48CF-452F-A1FB-EEB07B7BD357}"
EndProject
Global
	GlobalSection(SolutionConfigurationPlatforms) = preSolution
		Debug|Any CPU = Debug|Any CPU
		Release|Any CPU = Release|Any CPU
	EndGlobalSection
	GlobalSection(ProjectConfigurationPlatforms) = postSolution
		{DCEC973F-48CF-452F-A1FB-EEB07B7BD357}.Debug|Any CPU.ActiveCfg = Debug|Any CPU
		{DCEC973F-48CF-452F-A1FB-EEB07B7BD357}.Debug|Any CPU.Build.0 = Debug|Any CPU
		{DCEC973F-48CF-452F-A1FB-EEB07B7BD357}.Release|Any CPU.ActiveCfg = Release|Any CPU
		{DCEC973F-48CF-452F-A1FB-EEB07B7BD357}.Release|Any CPU.Build.0 = Release|Any CPU
	EndGlobalSection
	GlobalSection(SolutionProperties) = preSolution
		HideSolutionNode = FALSE
	EndGlobalSection
	GlobalSection(ExtensibilityGlobals) = postSolution
		SolutionGuid = {DB86ACBB-C187-4E9F-BDE2-72A467F1EC57}
	EndGlobalSection
EndGlobal
